
Microsoft Visual Studio Solution File, Format Version 12.00
# Visual Studio Version 16
VisualStudioVersion = 16.0.31112.23
MinimumVisualStudioVersion = 10.0.40219.1
Project("{FAE04EC0-301F-11D3-BF4B-00C04F79EFBC}") = "Gestures.UWP", "Gestures\Gestures.UWP\Gestures.UWP.csproj", "{58DC001F-A7C7-4C50-865C-76AC4119DFA0}"
EndProject
Project("{FAE04EC0-301F-11D3-BF4B-00C04F79EFBC}") = "Gestures.Android", "Gestures\Gestures.Android\Gestures.Android.csproj", "{54CAC153-047B-4E53-B3F4-C8BAFCBCBEC7}"
EndProject
Project("{FAE04EC0-301F-11D3-BF4B-00C04F79EFBC}") = "Gestures.iOS", "Gestures\Gestures.iOS\Gestures.iOS.csproj", "{857AC8E7-920F-4401-8282-885FE0ADDC96}"
EndProject
Project("{FAE04EC0-301F-11D3-BF4B-00C04F79EFBC}") = "Gestures", "Gestures\Gestures\Gestures.csproj", "{BCF6C4F4-4845-432E-855E-622B04B5B58A}"
EndProject
Global
	GlobalSection(SolutionConfigurationPlatforms) = preSolution
		Debug|Any CPU = Debug|Any CPU
		Debug|ARM = Debug|ARM
		Debug|iPhone = Debug|iPhone
		Debug|iPhoneSimulator = Debug|iPhoneSimulator
		Debug|x64 = Debug|x64
		Debug|x86 = Debug|x86
		Release|Any CPU = Release|Any CPU
		Release|ARM = Release|ARM
		Release|iPhone = Release|iPhone
		Release|iPhoneSimulator = Release|iPhoneSimulator
		Release|x64 = Release|x64
		Release|x86 = Release|x86
	EndGlobalSection
	GlobalSection(ProjectConfigurationPlatforms) = postSolution
		{58DC001F-A7C7-4C50-865C-76AC4119DFA0}.Debug|Any CPU.ActiveCfg = Debug|x86
		{58DC001F-A7C7-4C50-865C-76AC4119DFA0}.Debug|Any CPU.Build.0 = Debug|x86
		{58DC001F-A7C7-4C50-865C-76AC4119DFA0}.Debug|Any CPU.Deploy.0 = Debug|x86
		{58DC001F-A7C7-4C50-865C-76AC4119DFA0}.Debug|ARM.ActiveCfg = Debug|ARM
		{58DC001F-A7C7-4C50-865C-76AC4119DFA0}.Debug|ARM.Build.0 = Debug|ARM
		{58DC001F-A7C7-4C50-865C-76AC4119DFA0}.Debug|ARM.Deploy.0 = Debug|ARM
		{58DC001F-A7C7-4C50-865C-76AC4119DFA0}.Debug|iPhone.ActiveCfg = Debug|x86
		{58DC001F-A7C7-4C50-865C-76AC4119DFA0}.Debug|iPhone.Build.0 = Debug|x86
		{58DC001F-A7C7-4C50-865C-76AC4119DFA0}.Debug|iPhone.Deploy.0 = Debug|x86
		{58DC001F-A7C7-4C50-865C-76AC4119DFA0}.Debug|iPhoneSimulator.ActiveCfg = Debug|x86
		{58DC001F-A7C7-4C50-865C-76AC4119DFA0}.Debug|iPhoneSimulator.Build.0 = Debug|x86
		{58DC001F-A7C7-4C50-865C-76AC4119DFA0}.Debug|iPhoneSimulator.Deploy.0 = Debug|x86
		{58DC001F-A7C7-4C50-865C-76AC4119DFA0}.Debug|x64.ActiveCfg = Debug|x64
		{58DC001F-A7C7-4C50-865C-76AC4119DFA0}.Debug|x64.Build.0 = Debug|x64
		{58DC001F-A7C7-4C50-865C-76AC4119DFA0}.Debug|x64.Deploy.0 = Debug|x64
		{58DC001F-A7C7-4C50-865C-76AC4119DFA0}.Debug|x86.ActiveCfg = Debug|x86
		{58DC001F-A7C7-4C50-865C-76AC4119DFA0}.Debug|x86.Build.0 = Debug|x86
		{58DC001F-A7C7-4C50-865C-76AC4119DFA0}.Debug|x86.Deploy.0 = Debug|x86
		{58DC001F-A7C7-4C50-865C-76AC4119DFA0}.Release|Any CPU.ActiveCfg = Release|x86
		{58DC001F-A7C7-4C50-865C-76AC4119DFA0}.Release|Any CPU.Build.0 = Release|x86
		{58DC001F-A7C7-4C50-865C-76AC4119DFA0}.Release|Any CPU.Deploy.0 = Release|x86
		{58DC001F-A7C7-4C50-865C-76AC4119DFA0}.Release|ARM.ActiveCfg = Release|ARM
		{58DC001F-A7C7-4C50-865C-76AC4119DFA0}.Release|ARM.Build.0 = Release|ARM
		{58DC001F-A7C7-4C50-865C-76AC4119DFA0}.Release|ARM.Deploy.0 = Release|ARM
		{58DC001F-A7C7-4C50-865C-76AC4119DFA0}.Release|iPhone.ActiveCfg = Release|x86
		{58DC001F-A7C7-4C50-865C-76AC4119DFA0}.Release|iPhone.Build.0 = Release|x86
		{58DC001F-A7C7-4C50-865C-76AC4119DFA0}.Release|iPhone.Deploy.0 = Release|x86
		{58DC001F-A7C7-4C50-865C-76AC4119DFA0}.Release|iPhoneSimulator.ActiveCfg = Release|x86
		{58DC001F-A7C7-4C50-865C-76AC4119DFA0}.Release|iPhoneSimulator.Build.0 = Release|x86
		{58DC001F-A7C7-4C50-865C-76AC4119DFA0}.Release|iPhoneSimulator.Deploy.0 = Release|x86
		{58DC001F-A7C7-4C50-865C-76AC4119DFA0}.Release|x64.ActiveCfg = Release|x64
		{58DC001F-A7C7-4C50-865C-76AC4119DFA0}.Release|x64.Build.0 = Release|x64
		{58DC001F-A7C7-4C50-865C-76AC4119DFA0}.Release|x64.Deploy.0 = Release|x64
		{58DC001F-A7C7-4C50-865C-76AC4119DFA0}.Release|x86.ActiveCfg = Release|x86
		{58DC001F-A7C7-4C50-865C-76AC4119DFA0}.Release|x86.Build.0 = Release|x86
		{58DC001F-A7C7-4C50-865C-76AC4119DFA0}.Release|x86.Deploy.0 = Release|x86
		{54CAC153-047B-4E53-B3F4-C8BAFCBCBEC7}.Debug|Any CPU.ActiveCfg = Debug|Any CPU
		{54CAC153-047B-4E53-B3F4-C8BAFCBCBEC7}.Debug|Any CPU.Build.0 = Debug|Any CPU
		{54CAC153-047B-4E53-B3F4-C8BAFCBCBEC7}.Debug|Any CPU.Deploy.0 = Debug|Any CPU
		{54CAC153-047B-4E53-B3F4-C8BAFCBCBEC7}.Debug|ARM.ActiveCfg = Debug|Any CPU
		{54CAC153-047B-4E53-B3F4-C8BAFCBCBEC7}.Debug|ARM.Build.0 = Debug|Any CPU
		{54CAC153-047B-4E53-B3F4-C8BAFCBCBEC7}.Debug|ARM.Deploy.0 = Debug|Any CPU
		{54CAC153-047B-4E53-B3F4-C8BAFCBCBEC7}.Debug|iPhone.ActiveCfg = Debug|Any CPU
		{54CAC153-047B-4E53-B3F4-C8BAFCBCBEC7}.Debug|iPhone.Build.0 = Debug|Any CPU
		{54CAC153-047B-4E53-B3F4-C8BAFCBCBEC7}.Debug|iPhone.Deploy.0 = Debug|Any CPU
		{54CAC153-047B-4E53-B3F4-C8BAFCBCBEC7}.Debug|iPhoneSimulator.ActiveCfg = Debug|Any CPU
		{54CAC153-047B-4E53-B3F4-C8BAFCBCBEC7}.Debug|iPhoneSimulator.Build.0 = Debug|Any CPU
		{54CAC153-047B-4E53-B3F4-C8BAFCBCBEC7}.Debug|iPhoneSimulator.Deploy.0 = Debug|Any CPU
		{54CAC153-047B-4E53-B3F4-C8BAFCBCBEC7}.Debug|x64.ActiveCfg = Debug|Any CPU
		{54CAC153-047B-4E53-B3F4-C8BAFCBCBEC7}.Debug|x64.Build.0 = Debug|Any CPU
		{54CAC153-047B-4E53-B3F4-C8BAFCBCBEC7}.Debug|x64.Deploy.0 = Debug|Any CPU
		{54CAC153-047B-4E53-B3F4-C8BAFCBCBEC7}.Debug|x86.ActiveCfg = Debug|Any CPU
		{54CAC153-047B-4E53-B3F4-C8BAFCBCBEC7}.Debug|x86.Build.0 = Debug|Any CPU
		{54CAC153-047B-4E53-B3F4-C8BAFCBCBEC7}.Debug|x86.Deploy.0 = Debug|Any CPU
		{54CAC153-047B-4E53-B3F4-C8BAFCBCBEC7}.Release|Any CPU.ActiveCfg = Release|Any CPU
		{54CAC153-047B-4E53-B3F4-C8BAFCBCBEC7}.Release|Any CPU.Build.0 = Release|Any CPU
		{54CAC153-047B-4E53-B3F4-C8BAFCBCBEC7}.Release|Any CPU.Deploy.0 = Release|Any CPU
		{54CAC153-047B-4E53-B3F4-C8BAFCBCBEC7}.Release|ARM.ActiveCfg = Release|Any CPU
		{54CAC153-047B-4E53-B3F4-C8BAFCBCBEC7}.Release|ARM.Build.0 = Release|Any CPU
		{54CAC153-047B-4E53-B3F4-C8BAFCBCBEC7}.Release|ARM.Deploy.0 = Release|Any CPU
		{54CAC153-047B-4E53-B3F4-C8BAFCBCBEC7}.Release|iPhone.ActiveCfg = Release|Any CPU
		{54CAC153-047B-4E53-B3F4-C8BAFCBCBEC7}.Release|iPhone.Build.0 = Release|Any CPU
		{54CAC153-047B-4E53-B3F4-C8BAFCBCBEC7}.Release|iPhone.Deploy.0 = Release|Any CPU
		{54CAC153-047B-4E53-B3F4-C8BAFCBCBEC7}.Release|iPhoneSimulator.ActiveCfg = Release|Any CPU
		{54CAC153-047B-4E53-B3F4-C8BAFCBCBEC7}.Release|iPhoneSimulator.Build.0 = Release|Any CPU
		{54CAC153-047B-4E53-B3F4-C8BAFCBCBEC7}.Release|iPhoneSimulator.Deploy.0 = Release|Any CPU
		{54CAC153-047B-4E53-B3F4-C8BAFCBCBEC7}.Release|x64.ActiveCfg = Release|Any CPU
		{54CAC153-047B-4E53-B3F4-C8BAFCBCBEC7}.Release|x64.Build.0 = Release|Any CPU
		{54CAC153-047B-4E53-B3F4-C8BAFCBCBEC7}.Release|x64.Deploy.0 = Release|Any CPU
		{54CAC153-047B-4E53-B3F4-C8BAFCBCBEC7}.Release|x86.ActiveCfg = Release|Any CPU
		{54CAC153-047B-4E53-B3F4-C8BAFCBCBEC7}.Release|x86.Build.0 = Release|Any CPU
		{54CAC153-047B-4E53-B3F4-C8BAFCBCBEC7}.Release|x86.Deploy.0 = Release|Any CPU
		{857AC8E7-920F-4401-8282-885FE0ADDC96}.Debug|Any CPU.ActiveCfg = Debug|iPhoneSimulator
		{857AC8E7-920F-4401-8282-885FE0ADDC96}.Debug|Any CPU.Build.0 = Debug|iPhoneSimulator
		{857AC8E7-920F-4401-8282-885FE0ADDC96}.Debug|Any CPU.Deploy.0 = Debug|iPhoneSimulator
		{857AC8E7-920F-4401-8282-885FE0ADDC96}.Debug|ARM.ActiveCfg = Debug|iPhone
		{857AC8E7-920F-4401-8282-885FE0ADDC96}.Debug|ARM.Build.0 = Debug|iPhone
		{857AC8E7-920F-4401-8282-885FE0ADDC96}.Debug|ARM.Deploy.0 = Debug|iPhone
		{857AC8E7-920F-4401-8282-885FE0ADDC96}.Debug|iPhone.ActiveCfg = Debug|iPhone
		{857AC8E7-920F-4401-8282-885FE0ADDC96}.Debug|iPhone.Build.0 = Debug|iPhone
		{857AC8E7-920F-4401-8282-885FE0ADDC96}.Debug|iPhone.Deploy.0 = Debug|iPhone
		{857AC8E7-920F-4401-8282-885FE0ADDC96}.Debug|iPhoneSimulator.ActiveCfg = Debug|iPhoneSimulator
		{857AC8E7-920F-4401-8282-885FE0ADDC96}.Debug|iPhoneSimulator.Build.0 = Debug|iPhoneSimulator
		{857AC8E7-920F-4401-8282-885FE0ADDC96}.Debug|iPhoneSimulator.Deploy.0 = Debug|iPhoneSimulator
		{857AC8E7-920F-4401-8282-885FE0ADDC96}.Debug|x64.ActiveCfg = Debug|iPhoneSimulator
		{857AC8E7-920F-4401-8282-885FE0ADDC96}.Debug|x64.Build.0 = Debug|iPhoneSimulator
		{857AC8E7-920F-4401-8282-885FE0ADDC96}.Debug|x64.Deploy.0 = Debug|iPhoneSimulator
		{857AC8E7-920F-4401-8282-885FE0ADDC96}.Debug|x86.ActiveCfg = Debug|iPhoneSimulator
		{857AC8E7-920F-4401-8282-885FE0ADDC96}.Debug|x86.Build.0 = Debug|iPhoneSimulator
		{857AC8E7-920F-4401-8282-885FE0ADDC96}.Debug|x86.Deploy.0 = Debug|iPhoneSimulator
		{857AC8E7-920F-4401-8282-885FE0ADDC96}.Release|Any CPU.ActiveCfg = Release|iPhoneSimulator
		{857AC8E7-920F-4401-8282-885FE0ADDC96}.Release|Any CPU.Build.0 = Release|iPhoneSimulator
		{857AC8E7-920F-4401-8282-885FE0ADDC96}.Release|Any CPU.Deploy.0 = Release|iPhoneSimulator
		{857AC8E7-920F-4401-8282-885FE0ADDC96}.Release|ARM.ActiveCfg = Release|iPhoneSimulator
		{857AC8E7-920F-4401-8282-885FE0ADDC96}.Release|ARM.Build.0 = Release|iPhoneSimulator
		{857AC8E7-920F-4401-8282-885FE0ADDC96}.Release|ARM.Deploy.0 = Release|iPhoneSimulator
		{857AC8E7-920F-4401-8282-885FE0ADDC96}.Release|iPhone.ActiveCfg = Release|iPhone
		{857AC8E7-920F-4401-8282-885FE0ADDC96}.Release|iPhone.Build.0 = Release|iPhone
		{857AC8E7-920F-4401-8282-885FE0ADDC96}.Release|iPhone.Deploy.0 = Release|iPhone
		{857AC8E7-920F-4401-8282-885FE0ADDC96}.Release|iPhoneSimulator.ActiveCfg = Release|iPhoneSimulator
		{857AC8E7-920F-4401-8282-885FE0ADDC96}.Release|iPhoneSimulator.Build.0 = Release|iPhoneSimulator
		{857AC8E7-920F-4401-8282-885FE0ADDC96}.Release|iPhoneSimulator.Deploy.0 = Release|iPhoneSimulator
		{857AC8E7-920F-4401-8282-885FE0ADDC96}.Release|x64.ActiveCfg = Release|iPhoneSimulator
		{857AC8E7-920F-4401-8282-885FE0ADDC96}.Release|x64.Build.0 = Release|iPhoneSimulator
		{857AC8E7-920F-4401-8282-885FE0ADDC96}.Release|x64.Deploy.0 = Release|iPhoneSimulator
		{857AC8E7-920F-4401-8282-885FE0ADDC96}.Release|x86.ActiveCfg = Release|iPhoneSimulator
		{857AC8E7-920F-4401-8282-885FE0ADDC96}.Release|x86.Build.0 = Release|iPhoneSimulator
		{857AC8E7-920F-4401-8282-885FE0ADDC96}.Release|x86.Deploy.0 = Release|iPhoneSimulator
		{BCF6C4F4-4845-432E-855E-622B04B5B58A}.Debug|Any CPU.ActiveCfg = Debug|Any CPU
		{BCF6C4F4-4845-432E-855E-622B04B5B58A}.Debug|Any CPU.Build.0 = Debug|Any CPU
		{BCF6C4F4-4845-432E-855E-622B04B5B58A}.Debug|Any CPU.Deploy.0 = Debug|Any CPU
		{BCF6C4F4-4845-432E-855E-622B04B5B58A}.Debug|ARM.ActiveCfg = Debug|Any CPU
		{BCF6C4F4-4845-432E-855E-622B04B5B58A}.Debug|ARM.Build.0 = Debug|Any CPU
		{BCF6C4F4-4845-432E-855E-622B04B5B58A}.Debug|ARM.Deploy.0 = Debug|Any CPU
		{BCF6C4F4-4845-432E-855E-622B04B5B58A}.Debug|iPhone.ActiveCfg = Debug|Any CPU
		{BCF6C4F4-4845-432E-855E-622B04B5B58A}.Debug|iPhone.Build.0 = Debug|Any CPU
		{BCF6C4F4-4845-432E-855E-622B04B5B58A}.Debug|iPhone.Deploy.0 = Debug|Any CPU
		{BCF6C4F4-4845-432E-855E-622B04B5B58A}.Debug|iPhoneSimulator.ActiveCfg = Debug|Any CPU
		{BCF6C4F4-4845-432E-855E-622B04B5B58A}.Debug|iPhoneSimulator.Build.0 = Debug|Any CPU
		{BCF6C4F4-4845-432E-855E-622B04B5B58A}.Debug|iPhoneSimulator.Deploy.0 = Debug|Any CPU
		{BCF6C4F4-4845-432E-855E-622B04B5B58A}.Debug|x64.ActiveCfg = Debug|Any CPU
		{BCF6C4F4-4845-432E-855E-622B04B5B58A}.Debug|x64.Build.0 = Debug|Any CPU
		{BCF6C4F4-4845-432E-855E-622B04B5B58A}.Debug|x64.Deploy.0 = Debug|Any CPU
		{BCF6C4F4-4845-432E-855E-622B04B5B58A}.Debug|x86.ActiveCfg = Debug|Any CPU
		{BCF6C4F4-4845-432E-855E-622B04B5B58A}.Debug|x86.Build.0 = Debug|Any CPU
		{BCF6C4F4-4845-432E-855E-622B04B5B58A}.Debug|x86.Deploy.0 = Debug|Any CPU
		{BCF6C4F4-4845-432E-855E-622B04B5B58A}.Release|Any CPU.ActiveCfg = Release|Any CPU
		{BCF6C4F4-4845-432E-855E-622B04B5B58A}.Release|Any CPU.Build.0 = Release|Any CPU
		{BCF6C4F4-4845-432E-855E-622B04B5B58A}.Release|Any CPU.Deploy.0 = Release|Any CPU
		{BCF6C4F4-4845-432E-855E-622B04B5B58A}.Release|ARM.ActiveCfg = Release|Any CPU
		{BCF6C4F4-4845-432E-855E-622B04B5B58A}.Release|ARM.Build.0 = Release|Any CPU
		{BCF6C4F4-4845-432E-855E-622B04B5B58A}.Release|ARM.Deploy.0 = Release|Any CPU
		{BCF6C4F4-4845-432E-855E-622B04B5B58A}.Release|iPhone.ActiveCfg = Release|Any CPU
		{BCF6C4F4-4845-432E-855E-622B04B5B58A}.Release|iPhone.Build.0 = Release|Any CPU
		{BCF6C4F4-4845-432E-855E-622B04B5B58A}.Release|iPhone.Deploy.0 = Release|Any CPU
		{BCF6C4F4-4845-432E-855E-622B04B5B58A}.Release|iPhoneSimulator.ActiveCfg = Release|Any CPU
		{BCF6C4F4-4845-432E-855E-622B04B5B58A}.Release|iPhoneSimulator.Build.0 = Release|Any CPU
		{BCF6C4F4-4845-432E-855E-622B04B5B58A}.Release|iPhoneSimulator.Deploy.0 = Release|Any CPU
		{BCF6C4F4-4845-432E-855E-622B04B5B58A}.Release|x64.ActiveCfg = Release|Any CPU
		{BCF6C4F4-4845-432E-855E-622B04B5B58A}.Release|x64.Build.0 = Release|Any CPU
		{BCF6C4F4-4845-432E-855E-622B04B5B58A}.Release|x64.Deploy.0 = Release|Any CPU
		{BCF6C4F4-4845-432E-855E-622B04B5B58A}.Release|x86.ActiveCfg = Release|Any CPU
		{BCF6C4F4-4845-432E-855E-622B04B5B58A}.Release|x86.Build.0 = Release|Any CPU
		{BCF6C4F4-4845-432E-855E-622B04B5B58A}.Release|x86.Deploy.0 = Release|Any CPU
	EndGlobalSection
	GlobalSection(SolutionProperties) = preSolution
		HideSolutionNode = FALSE
	EndGlobalSection
	GlobalSection(ExtensibilityGlobals) = postSolution
		SolutionGuid = {CE267A03-EAF8-41AC-A519-0F1B38EB0623}
	EndGlobalSection
EndGlobal
